// !$*UTF8*$!
{
	archiveVersion = 1;
	classes = {
	};
	objectVersion = 50;
	objects = {

/* Begin PBXBuildFile section */
		6673A78123A4FAA00025E492 /* AppDelegate.swift in Sources */ = {isa = PBXBuildFile; fileRef = 6673A78023A4FAA00025E492 /* AppDelegate.swift */; };
		6673A78323A4FAA00025E492 /* SceneDelegate.swift in Sources */ = {isa = PBXBuildFile; fileRef = 6673A78223A4FAA00025E492 /* SceneDelegate.swift */; };
		6673A78523A4FAA00025E492 /* ViewController.swift in Sources */ = {isa = PBXBuildFile; fileRef = 6673A78423A4FAA00025E492 /* ViewController.swift */; };
		6673A78823A4FAA00025E492 /* Main.storyboard in Resources */ = {isa = PBXBuildFile; fileRef = 6673A78623A4FAA00025E492 /* Main.storyboard */; };
		6673A78A23A4FAA10025E492 /* Assets.xcassets in Resources */ = {isa = PBXBuildFile; fileRef = 6673A78923A4FAA10025E492 /* Assets.xcassets */; };
		6673A78D23A4FAA10025E492 /* LaunchScreen.storyboard in Resources */ = {isa = PBXBuildFile; fileRef = 6673A78B23A4FAA10025E492 /* LaunchScreen.storyboard */; };
		6673A79823A4FAA20025E492 /* BookStore_VitorOteroTests.swift in Sources */ = {isa = PBXBuildFile; fileRef = 6673A79723A4FAA20025E492 /* BookStore_VitorOteroTests.swift */; };
		6673A7A323A4FAA20025E492 /* BookStore_VitorOteroUITests.swift in Sources */ = {isa = PBXBuildFile; fileRef = 6673A7A223A4FAA20025E492 /* BookStore_VitorOteroUITests.swift */; };
		AFD3780DD10980817892B769 /* Pods_BookStore_VitorOtero_BookStore_VitorOteroUITests.framework in Frameworks */ = {isa = PBXBuildFile; fileRef = 417B9D3AA36F0821C51D601E /* Pods_BookStore_VitorOtero_BookStore_VitorOteroUITests.framework */; };
		B1FB33303439706443CBD94D /* Pods_BookStore_VitorOteroTests.framework in Frameworks */ = {isa = PBXBuildFile; fileRef = BE94474CA5C11D83BC842341 /* Pods_BookStore_VitorOteroTests.framework */; };
		F0E7D1F180C51EB4DE52F38A /* Pods_BookStore_VitorOtero.framework in Frameworks */ = {isa = PBXBuildFile; fileRef = 00A9DB70D4C83C339878BE04 /* Pods_BookStore_VitorOtero.framework */; };
/* End PBXBuildFile section */

/* Begin PBXContainerItemProxy section */
		6673A79423A4FAA20025E492 /* PBXContainerItemProxy */ = {
			isa = PBXContainerItemProxy;
			containerPortal = 6673A77523A4FAA00025E492 /* Project object */;
			proxyType = 1;
			remoteGlobalIDString = 6673A77C23A4FAA00025E492;
			remoteInfo = BookStore_VitorOtero;
		};
		6673A79F23A4FAA20025E492 /* PBXContainerItemProxy */ = {
			isa = PBXContainerItemProxy;
			containerPortal = 6673A77523A4FAA00025E492 /* Project object */;
			proxyType = 1;
			remoteGlobalIDString = 6673A77C23A4FAA00025E492;
			remoteInfo = BookStore_VitorOtero;
		};
/* End PBXContainerItemProxy section */

/* Begin PBXFileReference section */
		00A9DB70D4C83C339878BE04 /* Pods_BookStore_VitorOtero.framework */ = {isa = PBXFileReference; explicitFileType = wrapper.framework; includeInIndex = 0; path = Pods_BookStore_VitorOtero.framework; sourceTree = BUILT_PRODUCTS_DIR; };
		39508A10A22F79D884FAA741 /* Pods-BookStore_VitorOtero.debug.xcconfig */ = {isa = PBXFileReference; includeInIndex = 1; lastKnownFileType = text.xcconfig; name = "Pods-BookStore_VitorOtero.debug.xcconfig"; path = "Target Support Files/Pods-BookStore_VitorOtero/Pods-BookStore_VitorOtero.debug.xcconfig"; sourceTree = "<group>"; };
		417B9D3AA36F0821C51D601E /* Pods_BookStore_VitorOtero_BookStore_VitorOteroUITests.framework */ = {isa = PBXFileReference; explicitFileType = wrapper.framework; includeInIndex = 0; path = Pods_BookStore_VitorOtero_BookStore_VitorOteroUITests.framework; sourceTree = BUILT_PRODUCTS_DIR; };
		47B9168DBBAFF0197D3465A9 /* Pods-BookStore_VitorOteroTests.release.xcconfig */ = {isa = PBXFileReference; includeInIndex = 1; lastKnownFileType = text.xcconfig; name = "Pods-BookStore_VitorOteroTests.release.xcconfig"; path = "Target Support Files/Pods-BookStore_VitorOteroTests/Pods-BookStore_VitorOteroTests.release.xcconfig"; sourceTree = "<group>"; };
		6673A77D23A4FAA00025E492 /* BookStore_VitorOtero.app */ = {isa = PBXFileReference; explicitFileType = wrapper.application; includeInIndex = 0; path = BookStore_VitorOtero.app; sourceTree = BUILT_PRODUCTS_DIR; };
		6673A78023A4FAA00025E492 /* AppDelegate.swift */ = {isa = PBXFileReference; lastKnownFileType = sourcecode.swift; path = AppDelegate.swift; sourceTree = "<group>"; };
		6673A78223A4FAA00025E492 /* SceneDelegate.swift */ = {isa = PBXFileReference; lastKnownFileType = sourcecode.swift; path = SceneDelegate.swift; sourceTree = "<group>"; };
		6673A78423A4FAA00025E492 /* ViewController.swift */ = {isa = PBXFileReference; lastKnownFileType = sourcecode.swift; path = ViewController.swift; sourceTree = "<group>"; };
		6673A78723A4FAA00025E492 /* Base */ = {isa = PBXFileReference; lastKnownFileType = file.storyboard; name = Base; path = Base.lproj/Main.storyboard; sourceTree = "<group>"; };
		6673A78923A4FAA10025E492 /* Assets.xcassets */ = {isa = PBXFileReference; lastKnownFileType = folder.assetcatalog; path = Assets.xcassets; sourceTree = "<group>"; };
		6673A78C23A4FAA10025E492 /* Base */ = {isa = PBXFileReference; lastKnownFileType = file.storyboard; name = Base; path = Base.lproj/LaunchScreen.storyboard; sourceTree = "<group>"; };
		6673A78E23A4FAA10025E492 /* Info.plist */ = {isa = PBXFileReference; lastKnownFileType = text.plist.xml; path = Info.plist; sourceTree = "<group>"; };
		6673A79323A4FAA20025E492 /* BookStore_VitorOteroTests.xctest */ = {isa = PBXFileReference; explicitFileType = wrapper.cfbundle; includeInIndex = 0; path = BookStore_VitorOteroTests.xctest; sourceTree = BUILT_PRODUCTS_DIR; };
		6673A79723A4FAA20025E492 /* BookStore_VitorOteroTests.swift */ = {isa = PBXFileReference; lastKnownFileType = sourcecode.swift; path = BookStore_VitorOteroTests.swift; sourceTree = "<group>"; };
		6673A79923A4FAA20025E492 /* Info.plist */ = {isa = PBXFileReference; lastKnownFileType = text.plist.xml; path = Info.plist; sourceTree = "<group>"; };
		6673A79E23A4FAA20025E492 /* BookStore_VitorOteroUITests.xctest */ = {isa = PBXFileReference; explicitFileType = wrapper.cfbundle; includeInIndex = 0; path = BookStore_VitorOteroUITests.xctest; sourceTree = BUILT_PRODUCTS_DIR; };
		6673A7A223A4FAA20025E492 /* BookStore_VitorOteroUITests.swift */ = {isa = PBXFileReference; lastKnownFileType = sourcecode.swift; path = BookStore_VitorOteroUITests.swift; sourceTree = "<group>"; };
		6673A7A423A4FAA20025E492 /* Info.plist */ = {isa = PBXFileReference; lastKnownFileType = text.plist.xml; path = Info.plist; sourceTree = "<group>"; };
		6C04263E283A14B53055E49B /* Pods-BookStore_VitorOtero-BookStore_VitorOteroUITests.release.xcconfig */ = {isa = PBXFileReference; includeInIndex = 1; lastKnownFileType = text.xcconfig; name = "Pods-BookStore_VitorOtero-BookStore_VitorOteroUITests.release.xcconfig"; path = "Target Support Files/Pods-BookStore_VitorOtero-BookStore_VitorOteroUITests/Pods-BookStore_VitorOtero-BookStore_VitorOteroUITests.release.xcconfig"; sourceTree = "<group>"; };
		B9C4BA9425E4AAD4E7257579 /* Pods-BookStore_VitorOteroTests.debug.xcconfig */ = {isa = PBXFileReference; includeInIndex = 1; lastKnownFileType = text.xcconfig; name = "Pods-BookStore_VitorOteroTests.debug.xcconfig"; path = "Target Support Files/Pods-BookStore_VitorOteroTests/Pods-BookStore_VitorOteroTests.debug.xcconfig"; sourceTree = "<group>"; };
		BE94474CA5C11D83BC842341 /* Pods_BookStore_VitorOteroTests.framework */ = {isa = PBXFileReference; explicitFileType = wrapper.framework; includeInIndex = 0; path = Pods_BookStore_VitorOteroTests.framework; sourceTree = BUILT_PRODUCTS_DIR; };
		DD54DF53C0F57B9B6588CF98 /* Pods-BookStore_VitorOtero.release.xcconfig */ = {isa = PBXFileReference; includeInIndex = 1; lastKnownFileType = text.xcconfig; name = "Pods-BookStore_VitorOtero.release.xcconfig"; path = "Target Support Files/Pods-BookStore_VitorOtero/Pods-BookStore_VitorOtero.release.xcconfig"; sourceTree = "<group>"; };
		F0D2A1D647112ABD953041AD /* Pods-BookStore_VitorOtero-BookStore_VitorOteroUITests.debug.xcconfig */ = {isa = PBXFileReference; includeInIndex = 1; lastKnownFileType = text.xcconfig; name = "Pods-BookStore_VitorOtero-BookStore_VitorOteroUITests.debug.xcconfig"; path = "Target Support Files/Pods-BookStore_VitorOtero-BookStore_VitorOteroUITests/Pods-BookStore_VitorOtero-BookStore_VitorOteroUITests.debug.xcconfig"; sourceTree = "<group>"; };
/* End PBXFileReference section */

/* Begin PBXFrameworksBuildPhase section */
		6673A77A23A4FAA00025E492 /* Frameworks */ = {
			isa = PBXFrameworksBuildPhase;
			buildActionMask = 2147483647;
			files = (
				F0E7D1F180C51EB4DE52F38A /* Pods_BookStore_VitorOtero.framework in Frameworks */,
			);
			runOnlyForDeploymentPostprocessing = 0;
		};
		6673A79023A4FAA20025E492 /* Frameworks */ = {
			isa = PBXFrameworksBuildPhase;
			buildActionMask = 2147483647;
			files = (
				B1FB33303439706443CBD94D /* Pods_BookStore_VitorOteroTests.framework in Frameworks */,
			);
			runOnlyForDeploymentPostprocessing = 0;
		};
		6673A79B23A4FAA20025E492 /* Frameworks */ = {
			isa = PBXFrameworksBuildPhase;
			buildActionMask = 2147483647;
			files = (
				AFD3780DD10980817892B769 /* Pods_BookStore_VitorOtero_BookStore_VitorOteroUITests.framework in Frameworks */,
			);
			runOnlyForDeploymentPostprocessing = 0;
		};
/* End PBXFrameworksBuildPhase section */

/* Begin PBXGroup section */
		2D539947455307D676399A44 /* Pods */ = {
			isa = PBXGroup;
			children = (
				39508A10A22F79D884FAA741 /* Pods-BookStore_VitorOtero.debug.xcconfig */,
				DD54DF53C0F57B9B6588CF98 /* Pods-BookStore_VitorOtero.release.xcconfig */,
				F0D2A1D647112ABD953041AD /* Pods-BookStore_VitorOtero-BookStore_VitorOteroUITests.debug.xcconfig */,
				6C04263E283A14B53055E49B /* Pods-BookStore_VitorOtero-BookStore_VitorOteroUITests.release.xcconfig */,
				B9C4BA9425E4AAD4E7257579 /* Pods-BookStore_VitorOteroTests.debug.xcconfig */,
				47B9168DBBAFF0197D3465A9 /* Pods-BookStore_VitorOteroTests.release.xcconfig */,
			);
			name = Pods;
			path = Pods;
			sourceTree = "<group>";
		};
		6673A77423A4FAA00025E492 = {
			isa = PBXGroup;
			children = (
				6673A77F23A4FAA00025E492 /* BookStore_VitorOtero */,
				6673A79623A4FAA20025E492 /* BookStore_VitorOteroTests */,
				6673A7A123A4FAA20025E492 /* BookStore_VitorOteroUITests */,
				6673A77E23A4FAA00025E492 /* Products */,
				2D539947455307D676399A44 /* Pods */,
				AF8F7B77F367510A41140F21 /* Frameworks */,
			);
			sourceTree = "<group>";
		};
		6673A77E23A4FAA00025E492 /* Products */ = {
			isa = PBXGroup;
			children = (
				6673A77D23A4FAA00025E492 /* BookStore_VitorOtero.app */,
				6673A79323A4FAA20025E492 /* BookStore_VitorOteroTests.xctest */,
				6673A79E23A4FAA20025E492 /* BookStore_VitorOteroUITests.xctest */,
			);
			name = Products;
			sourceTree = "<group>";
		};
		6673A77F23A4FAA00025E492 /* BookStore_VitorOtero */ = {
			isa = PBXGroup;
			children = (
				6673A78023A4FAA00025E492 /* AppDelegate.swift */,
				6673A78223A4FAA00025E492 /* SceneDelegate.swift */,
				6673A78423A4FAA00025E492 /* ViewController.swift */,
				6673A78623A4FAA00025E492 /* Main.storyboard */,
				6673A78923A4FAA10025E492 /* Assets.xcassets */,
				6673A78B23A4FAA10025E492 /* LaunchScreen.storyboard */,
				6673A78E23A4FAA10025E492 /* Info.plist */,
			);
			path = BookStore_VitorOtero;
			sourceTree = "<group>";
		};
		6673A79623A4FAA20025E492 /* BookStore_VitorOteroTests */ = {
			isa = PBXGroup;
			children = (
				6673A79723A4FAA20025E492 /* BookStore_VitorOteroTests.swift */,
				6673A79923A4FAA20025E492 /* Info.plist */,
			);
			path = BookStore_VitorOteroTests;
			sourceTree = "<group>";
		};
		6673A7A123A4FAA20025E492 /* BookStore_VitorOteroUITests */ = {
			isa = PBXGroup;
			children = (
				6673A7A223A4FAA20025E492 /* BookStore_VitorOteroUITests.swift */,
				6673A7A423A4FAA20025E492 /* Info.plist */,
			);
			path = BookStore_VitorOteroUITests;
			sourceTree = "<group>";
		};
		AF8F7B77F367510A41140F21 /* Frameworks */ = {
			isa = PBXGroup;
			children = (
				00A9DB70D4C83C339878BE04 /* Pods_BookStore_VitorOtero.framework */,
				417B9D3AA36F0821C51D601E /* Pods_BookStore_VitorOtero_BookStore_VitorOteroUITests.framework */,
				BE94474CA5C11D83BC842341 /* Pods_BookStore_VitorOteroTests.framework */,
			);
			name = Frameworks;
			sourceTree = "<group>";
		};
/* End PBXGroup section */

/* Begin PBXNativeTarget section */
		6673A77C23A4FAA00025E492 /* BookStore_VitorOtero */ = {
			isa = PBXNativeTarget;
			buildConfigurationList = 6673A7A723A4FAA20025E492 /* Build configuration list for PBXNativeTarget "BookStore_VitorOtero" */;
			buildPhases = (
				93FF65DE61733313A9784DFA /* [CP] Check Pods Manifest.lock */,
				6673A77923A4FAA00025E492 /* Sources */,
				6673A77A23A4FAA00025E492 /* Frameworks */,
				6673A77B23A4FAA00025E492 /* Resources */,
				EAB2FDA4EF09B06154834B10 /* [CP] Embed Pods Frameworks */,
			);
			buildRules = (
			);
			dependencies = (
			);
			name = BookStore_VitorOtero;
			productName = BookStore_VitorOtero;
			productReference = 6673A77D23A4FAA00025E492 /* BookStore_VitorOtero.app */;
			productType = "com.apple.product-type.application";
		};
		6673A79223A4FAA20025E492 /* BookStore_VitorOteroTests */ = {
			isa = PBXNativeTarget;
			buildConfigurationList = 6673A7AA23A4FAA20025E492 /* Build configuration list for PBXNativeTarget "BookStore_VitorOteroTests" */;
			buildPhases = (
				E088E3A4EB7FC45B57ECB8AE /* [CP] Check Pods Manifest.lock */,
				6673A78F23A4FAA20025E492 /* Sources */,
				6673A79023A4FAA20025E492 /* Frameworks */,
				6673A79123A4FAA20025E492 /* Resources */,
			);
			buildRules = (
			);
			dependencies = (
				6673A79523A4FAA20025E492 /* PBXTargetDependency */,
			);
			name = BookStore_VitorOteroTests;
			productName = BookStore_VitorOteroTests;
			productReference = 6673A79323A4FAA20025E492 /* BookStore_VitorOteroTests.xctest */;
			productType = "com.apple.product-type.bundle.unit-test";
		};
		6673A79D23A4FAA20025E492 /* BookStore_VitorOteroUITests */ = {
			isa = PBXNativeTarget;
			buildConfigurationList = 6673A7AD23A4FAA20025E492 /* Build configuration list for PBXNativeTarget "BookStore_VitorOteroUITests" */;
			buildPhases = (
				BE731B8919130D2D1B8B9048 /* [CP] Check Pods Manifest.lock */,
				6673A79A23A4FAA20025E492 /* Sources */,
				6673A79B23A4FAA20025E492 /* Frameworks */,
				6673A79C23A4FAA20025E492 /* Resources */,
				1BBEE757327334F977857794 /* [CP] Embed Pods Frameworks */,
			);
			buildRules = (
			);
			dependencies = (
				6673A7A023A4FAA20025E492 /* PBXTargetDependency */,
			);
			name = BookStore_VitorOteroUITests;
			productName = BookStore_VitorOteroUITests;
			productReference = 6673A79E23A4FAA20025E492 /* BookStore_VitorOteroUITests.xctest */;
			productType = "com.apple.product-type.bundle.ui-testing";
		};
/* End PBXNativeTarget section */

/* Begin PBXProject section */
		6673A77523A4FAA00025E492 /* Project object */ = {
			isa = PBXProject;
			attributes = {
				LastSwiftUpdateCheck = 1130;
				LastUpgradeCheck = 1130;
				ORGANIZATIONNAME = VitorOtero;
				TargetAttributes = {
					6673A77C23A4FAA00025E492 = {
						CreatedOnToolsVersion = 11.3;
					};
					6673A79223A4FAA20025E492 = {
						CreatedOnToolsVersion = 11.3;
						TestTargetID = 6673A77C23A4FAA00025E492;
					};
					6673A79D23A4FAA20025E492 = {
						CreatedOnToolsVersion = 11.3;
						TestTargetID = 6673A77C23A4FAA00025E492;
					};
				};
			};
			buildConfigurationList = 6673A77823A4FAA00025E492 /* Build configuration list for PBXProject "BookStore_VitorOtero" */;
			compatibilityVersion = "Xcode 9.3";
			developmentRegion = en;
			hasScannedForEncodings = 0;
			knownRegions = (
				en,
				Base,
			);
			mainGroup = 6673A77423A4FAA00025E492;
			productRefGroup = 6673A77E23A4FAA00025E492 /* Products */;
			projectDirPath = "";
			projectRoot = "";
			targets = (
				6673A77C23A4FAA00025E492 /* BookStore_VitorOtero */,
				6673A79223A4FAA20025E492 /* BookStore_VitorOteroTests */,
				6673A79D23A4FAA20025E492 /* BookStore_VitorOteroUITests */,
			);
		};
/* End PBXProject section */

/* Begin PBXResourcesBuildPhase section */
		6673A77B23A4FAA00025E492 /* Resources */ = {
			isa = PBXResourcesBuildPhase;
			buildActionMask = 2147483647;
			files = (
				6673A78D23A4FAA10025E492 /* LaunchScreen.storyboard in Resources */,
				6673A78A23A4FAA10025E492 /* Assets.xcassets in Resources */,
				6673A78823A4FAA00025E492 /* Main.storyboard in Resources */,
			);
			runOnlyForDeploymentPostprocessing = 0;
		};
		6673A79123A4FAA20025E492 /* Resources */ = {
			isa = PBXResourcesBuildPhase;
			buildActionMask = 2147483647;
			files = (
			);
			runOnlyForDeploymentPostprocessing = 0;
		};
		6673A79C23A4FAA20025E492 /* Resources */ = {
			isa = PBXResourcesBuildPhase;
			buildActionMask = 2147483647;
			files = (
			);
			runOnlyForDeploymentPostprocessing = 0;
		};
/* End PBXResourcesBuildPhase section */

/* Begin PBXShellScriptBuildPhase section */
		1BBEE757327334F977857794 /* [CP] Embed Pods Frameworks */ = {
			isa = PBXShellScriptBuildPhase;
			buildActionMask = 2147483647;
			files = (
			);
			inputFileListPaths = (
				"${PODS_ROOT}/Target Support Files/Pods-BookStore_VitorOtero-BookStore_VitorOteroUITests/Pods-BookStore_VitorOtero-BookStore_VitorOteroUITests-frameworks-${CONFIGURATION}-input-files.xcfilelist",
			);
			name = "[CP] Embed Pods Frameworks";
			outputFileListPaths = (
				"${PODS_ROOT}/Target Support Files/Pods-BookStore_VitorOtero-BookStore_VitorOteroUITests/Pods-BookStore_VitorOtero-BookStore_VitorOteroUITests-frameworks-${CONFIGURATION}-output-files.xcfilelist",
			);
			runOnlyForDeploymentPostprocessing = 0;
			shellPath = /bin/sh;
			shellScript = "\"${PODS_ROOT}/Target Support Files/Pods-BookStore_VitorOtero-BookStore_VitorOteroUITests/Pods-BookStore_VitorOtero-BookStore_VitorOteroUITests-frameworks.sh\"\n";
			showEnvVarsInLog = 0;
		};
		93FF65DE61733313A9784DFA /* [CP] Check Pods Manifest.lock */ = {
			isa = PBXShellScriptBuildPhase;
			buildActionMask = 2147483647;
			files = (
			);
			inputFileListPaths = (
			);
			inputPaths = (
				"${PODS_PODFILE_DIR_PATH}/Podfile.lock",
				"${PODS_ROOT}/Manifest.lock",
			);
			name = "[CP] Check Pods Manifest.lock";
			outputFileListPaths = (
			);
			outputPaths = (
				"$(DERIVED_FILE_DIR)/Pods-BookStore_VitorOtero-checkManifestLockResult.txt",
			);
			runOnlyForDeploymentPostprocessing = 0;
			shellPath = /bin/sh;
			shellScript = "diff \"${PODS_PODFILE_DIR_PATH}/Podfile.lock\" \"${PODS_ROOT}/Manifest.lock\" > /dev/null\nif [ $? != 0 ] ; then\n    # print error to STDERR\n    echo \"error: The sandbox is not in sync with the Podfile.lock. Run 'pod install' or update your CocoaPods installation.\" >&2\n    exit 1\nfi\n# This output is used by Xcode 'outputs' to avoid re-running this script phase.\necho \"SUCCESS\" > \"${SCRIPT_OUTPUT_FILE_0}\"\n";
			showEnvVarsInLog = 0;
		};
		BE731B8919130D2D1B8B9048 /* [CP] Check Pods Manifest.lock */ = {
			isa = PBXShellScriptBuildPhase;
			buildActionMask = 2147483647;
			files = (
			);
			inputFileListPaths = (
			);
			inputPaths = (
				"${PODS_PODFILE_DIR_PATH}/Podfile.lock",
				"${PODS_ROOT}/Manifest.lock",
			);
			name = "[CP] Check Pods Manifest.lock";
			outputFileListPaths = (
			);
			outputPaths = (
				"$(DERIVED_FILE_DIR)/Pods-BookStore_VitorOtero-BookStore_VitorOteroUITests-checkManifestLockResult.txt",
			);
			runOnlyForDeploymentPostprocessing = 0;
			shellPath = /bin/sh;
			shellScript = "diff \"${PODS_PODFILE_DIR_PATH}/Podfile.lock\" \"${PODS_ROOT}/Manifest.lock\" > /dev/null\nif [ $? != 0 ] ; then\n    # print error to STDERR\n    echo \"error: The sandbox is not in sync with the Podfile.lock. Run 'pod install' or update your CocoaPods installation.\" >&2\n    exit 1\nfi\n# This output is used by Xcode 'outputs' to avoid re-running this script phase.\necho \"SUCCESS\" > \"${SCRIPT_OUTPUT_FILE_0}\"\n";
			showEnvVarsInLog = 0;
		};
		E088E3A4EB7FC45B57ECB8AE /* [CP] Check Pods Manifest.lock */ = {
			isa = PBXShellScriptBuildPhase;
			buildActionMask = 2147483647;
			files = (
			);
			inputFileListPaths = (
			);
			inputPaths = (
				"${PODS_PODFILE_DIR_PATH}/Podfile.lock",
				"${PODS_ROOT}/Manifest.lock",
			);
			name = "[CP] Check Pods Manifest.lock";
			outputFileListPaths = (
			);
			outputPaths = (
				"$(DERIVED_FILE_DIR)/Pods-BookStore_VitorOteroTests-checkManifestLockResult.txt",
			);
			runOnlyForDeploymentPostprocessing = 0;
			shellPath = /bin/sh;
			shellScript = "diff \"${PODS_PODFILE_DIR_PATH}/Podfile.lock\" \"${PODS_ROOT}/Manifest.lock\" > /dev/null\nif [ $? != 0 ] ; then\n    # print error to STDERR\n    echo \"error: The sandbox is not in sync with the Podfile.lock. Run 'pod install' or update your CocoaPods installation.\" >&2\n    exit 1\nfi\n# This output is used by Xcode 'outputs' to avoid re-running this script phase.\necho \"SUCCESS\" > \"${SCRIPT_OUTPUT_FILE_0}\"\n";
			showEnvVarsInLog = 0;
		};
		EAB2FDA4EF09B06154834B10 /* [CP] Embed Pods Frameworks */ = {
			isa = PBXShellScriptBuildPhase;
			buildActionMask = 2147483647;
			files = (
			);
			inputFileListPaths = (
				"${PODS_ROOT}/Target Support Files/Pods-BookStore_VitorOtero/Pods-BookStore_VitorOtero-frameworks-${CONFIGURATION}-input-files.xcfilelist",
			);
			name = "[CP] Embed Pods Frameworks";
			outputFileListPaths = (
				"${PODS_ROOT}/Target Support Files/Pods-BookStore_VitorOtero/Pods-BookStore_VitorOtero-frameworks-${CONFIGURATION}-output-files.xcfilelist",
			);
			runOnlyForDeploymentPostprocessing = 0;
			shellPath = /bin/sh;
			shellScript = "\"${PODS_ROOT}/Target Support Files/Pods-BookStore_VitorOtero/Pods-BookStore_VitorOtero-frameworks.sh\"\n";
			showEnvVarsInLog = 0;
		};
/* End PBXShellScriptBuildPhase section */

/* Begin PBXSourcesBuildPhase section */
		6673A77923A4FAA00025E492 /* Sources */ = {
			isa = PBXSourcesBuildPhase;
			buildActionMask = 2147483647;
			files = (
				6673A78523A4FAA00025E492 /* ViewController.swift in Sources */,
				6673A78123A4FAA00025E492 /* AppDelegate.swift in Sources */,
				6673A78323A4FAA00025E492 /* SceneDelegate.swift in Sources */,
			);
			runOnlyForDeploymentPostprocessing = 0;
		};
		6673A78F23A4FAA20025E492 /* Sources */ = {
			isa = PBXSourcesBuildPhase;
			buildActionMask = 2147483647;
			files = (
				6673A79823A4FAA20025E492 /* BookStore_VitorOteroTests.swift in Sources */,
			);
			runOnlyForDeploymentPostprocessing = 0;
		};
		6673A79A23A4FAA20025E492 /* Sources */ = {
			isa = PBXSourcesBuildPhase;
			buildActionMask = 2147483647;
			files = (
				6673A7A323A4FAA20025E492 /* BookStore_VitorOteroUITests.swift in Sources */,
			);
			runOnlyForDeploymentPostprocessing = 0;
		};
/* End PBXSourcesBuildPhase section */

/* Begin PBXTargetDependency section */
		6673A79523A4FAA20025E492 /* PBXTargetDependency */ = {
			isa = PBXTargetDependency;
			target = 6673A77C23A4FAA00025E492 /* BookStore_VitorOtero */;
			targetProxy = 6673A79423A4FAA20025E492 /* PBXContainerItemProxy */;
		};
		6673A7A023A4FAA20025E492 /* PBXTargetDependency */ = {
			isa = PBXTargetDependency;
			target = 6673A77C23A4FAA00025E492 /* BookStore_VitorOtero */;
			targetProxy = 6673A79F23A4FAA20025E492 /* PBXContainerItemProxy */;
		};
/* End PBXTargetDependency section */

/* Begin PBXVariantGroup section */
		6673A78623A4FAA00025E492 /* Main.storyboard */ = {
			isa = PBXVariantGroup;
			children = (
				6673A78723A4FAA00025E492 /* Base */,
			);
			name = Main.storyboard;
			sourceTree = "<group>";
		};
		6673A78B23A4FAA10025E492 /* LaunchScreen.storyboard */ = {
			isa = PBXVariantGroup;
			children = (
				6673A78C23A4FAA10025E492 /* Base */,
			);
			name = LaunchScreen.storyboard;
			sourceTree = "<group>";
		};
/* End PBXVariantGroup section */

/* Begin XCBuildConfiguration section */
		6673A7A523A4FAA20025E492 /* Debug */ = {
			isa = XCBuildConfiguration;
			buildSettings = {
				ALWAYS_SEARCH_USER_PATHS = NO;
				CLANG_ANALYZER_NONNULL = YES;
				CLANG_ANALYZER_NUMBER_OBJECT_CONVERSION = YES_AGGRESSIVE;
				CLANG_CXX_LANGUAGE_STANDARD = "gnu++14";
				CLANG_CXX_LIBRARY = "libc++";
				CLANG_ENABLE_MODULES = YES;
				CLANG_ENABLE_OBJC_ARC = YES;
				CLANG_ENABLE_OBJC_WEAK = YES;
				CLANG_WARN_BLOCK_CAPTURE_AUTORELEASING = YES;
				CLANG_WARN_BOOL_CONVERSION = YES;
				CLANG_WARN_COMMA = YES;
				CLANG_WARN_CONSTANT_CONVERSION = YES;
				CLANG_WARN_DEPRECATED_OBJC_IMPLEMENTATIONS = YES;
				CLANG_WARN_DIRECT_OBJC_ISA_USAGE = YES_ERROR;
				CLANG_WARN_DOCUMENTATION_COMMENTS = YES;
				CLANG_WARN_EMPTY_BODY = YES;
				CLANG_WARN_ENUM_CONVERSION = YES;
				CLANG_WARN_INFINITE_RECURSION = YES;
				CLANG_WARN_INT_CONVERSION = YES;
				CLANG_WARN_NON_LITERAL_NULL_CONVERSION = YES;
				CLANG_WARN_OBJC_IMPLICIT_RETAIN_SELF = YES;
				CLANG_WARN_OBJC_LITERAL_CONVERSION = YES;
				CLANG_WARN_OBJC_ROOT_CLASS = YES_ERROR;
				CLANG_WARN_RANGE_LOOP_ANALYSIS = YES;
				CLANG_WARN_STRICT_PROTOTYPES = YES;
				CLANG_WARN_SUSPICIOUS_MOVE = YES;
				CLANG_WARN_UNGUARDED_AVAILABILITY = YES_AGGRESSIVE;
				CLANG_WARN_UNREACHABLE_CODE = YES;
				CLANG_WARN__DUPLICATE_METHOD_MATCH = YES;
				COPY_PHASE_STRIP = NO;
				DEBUG_INFORMATION_FORMAT = dwarf;
				ENABLE_STRICT_OBJC_MSGSEND = YES;
				ENABLE_TESTABILITY = YES;
				GCC_C_LANGUAGE_STANDARD = gnu11;
				GCC_DYNAMIC_NO_PIC = NO;
				GCC_NO_COMMON_BLOCKS = YES;
				GCC_OPTIMIZATION_LEVEL = 0;
				GCC_PREPROCESSOR_DEFINITIONS = (
					"DEBUG=1",
					"$(inherited)",
				);
				GCC_WARN_64_TO_32_BIT_CONVERSION = YES;
				GCC_WARN_ABOUT_RETURN_TYPE = YES_ERROR;
				GCC_WARN_UNDECLARED_SELECTOR = YES;
				GCC_WARN_UNINITIALIZED_AUTOS = YES_AGGRESSIVE;
				GCC_WARN_UNUSED_FUNCTION = YES;
				GCC_WARN_UNUSED_VARIABLE = YES;
				IPHONEOS_DEPLOYMENT_TARGET = 13.2;
				MTL_ENABLE_DEBUG_INFO = INCLUDE_SOURCE;
				MTL_FAST_MATH = YES;
				ONLY_ACTIVE_ARCH = YES;
				SDKROOT = iphoneos;
				SWIFT_ACTIVE_COMPILATION_CONDITIONS = DEBUG;
				SWIFT_OPTIMIZATION_LEVEL = "-Onone";
			};
			name = Debug;
		};
		6673A7A623A4FAA20025E492 /* Release */ = {
			isa = XCBuildConfiguration;
			buildSettings = {
				ALWAYS_SEARCH_USER_PATHS = NO;
				CLANG_ANALYZER_NONNULL = YES;
				CLANG_ANALYZER_NUMBER_OBJECT_CONVERSION = YES_AGGRESSIVE;
				CLANG_CXX_LANGUAGE_STANDARD = "gnu++14";
				CLANG_CXX_LIBRARY = "libc++";
				CLANG_ENABLE_MODULES = YES;
				CLANG_ENABLE_OBJC_ARC = YES;
				CLANG_ENABLE_OBJC_WEAK = YES;
				CLANG_WARN_BLOCK_CAPTURE_AUTORELEASING = YES;
				CLANG_WARN_BOOL_CONVERSION = YES;
				CLANG_WARN_COMMA = YES;
				CLANG_WARN_CONSTANT_CONVERSION = YES;
				CLANG_WARN_DEPRECATED_OBJC_IMPLEMENTATIONS = YES;
				CLANG_WARN_DIRECT_OBJC_ISA_USAGE = YES_ERROR;
				CLANG_WARN_DOCUMENTATION_COMMENTS = YES;
				CLANG_WARN_EMPTY_BODY = YES;
				CLANG_WARN_ENUM_CONVERSION = YES;
				CLANG_WARN_INFINITE_RECURSION = YES;
				CLANG_WARN_INT_CONVERSION = YES;
				CLANG_WARN_NON_LITERAL_NULL_CONVERSION = YES;
				CLANG_WARN_OBJC_IMPLICIT_RETAIN_SELF = YES;
				CLANG_WARN_OBJC_LITERAL_CONVERSION = YES;
				CLANG_WARN_OBJC_ROOT_CLASS = YES_ERROR;
				CLANG_WARN_RANGE_LOOP_ANALYSIS = YES;
				CLANG_WARN_STRICT_PROTOTYPES = YES;
				CLANG_WARN_SUSPICIOUS_MOVE = YES;
				CLANG_WARN_UNGUARDED_AVAILABILITY = YES_AGGRESSIVE;
				CLANG_WARN_UNREACHABLE_CODE = YES;
				CLANG_WARN__DUPLICATE_METHOD_MATCH = YES;
				COPY_PHASE_STRIP = NO;
				DEBUG_INFORMATION_FORMAT = "dwarf-with-dsym";
				ENABLE_NS_ASSERTIONS = NO;
				ENABLE_STRICT_OBJC_MSGSEND = YES;
				GCC_C_LANGUAGE_STANDARD = gnu11;
				GCC_NO_COMMON_BLOCKS = YES;
				GCC_WARN_64_TO_32_BIT_CONVERSION = YES;
				GCC_WARN_ABOUT_RETURN_TYPE = YES_ERROR;
				GCC_WARN_UNDECLARED_SELECTOR = YES;
				GCC_WARN_UNINITIALIZED_AUTOS = YES_AGGRESSIVE;
				GCC_WARN_UNUSED_FUNCTION = YES;
				GCC_WARN_UNUSED_VARIABLE = YES;
				IPHONEOS_DEPLOYMENT_TARGET = 13.2;
				MTL_ENABLE_DEBUG_INFO = NO;
				MTL_FAST_MATH = YES;
				SDKROOT = iphoneos;
				SWIFT_COMPILATION_MODE = wholemodule;
				SWIFT_OPTIMIZATION_LEVEL = "-O";
				VALIDATE_PRODUCT = YES;
			};
			name = Release;
		};
		6673A7A823A4FAA20025E492 /* Debug */ = {
			isa = XCBuildConfiguration;
			baseConfigurationReference = 39508A10A22F79D884FAA741 /* Pods-BookStore_VitorOtero.debug.xcconfig */;
			buildSettings = {
				ASSETCATALOG_COMPILER_APPICON_NAME = AppIcon;
				CODE_SIGN_STYLE = Automatic;
				INFOPLIST_FILE = BookStore_VitorOtero/Info.plist;
				LD_RUNPATH_SEARCH_PATHS = (
					"$(inherited)",
					"@executable_path/Frameworks",
				);
				PRODUCT_BUNDLE_IDENTIFIER = "pt.tecapp.BookStore-VitorOtero";
				PRODUCT_NAME = "$(TARGET_NAME)";
				SWIFT_VERSION = 5.0;
				TARGETED_DEVICE_FAMILY = "1,2";
			};
			name = Debug;
		};
		6673A7A923A4FAA20025E492 /* Release */ = {
			isa = XCBuildConfiguration;
			baseConfigurationReference = DD54DF53C0F57B9B6588CF98 /* Pods-BookStore_VitorOtero.release.xcconfig */;
			buildSettings = {
				ASSETCATALOG_COMPILER_APPICON_NAME = AppIcon;
				CODE_SIGN_STYLE = Automatic;
				INFOPLIST_FILE = BookStore_VitorOtero/Info.plist;
				LD_RUNPATH_SEARCH_PATHS = (
					"$(inherited)",
					"@executable_path/Frameworks",
				);
				PRODUCT_BUNDLE_IDENTIFIER = "pt.tecapp.BookStore-VitorOtero";
				PRODUCT_NAME = "$(TARGET_NAME)";
				SWIFT_VERSION = 5.0;
				TARGETED_DEVICE_FAMILY = "1,2";
			};
			name = Release;
		};
		6673A7AB23A4FAA20025E492 /* Debug */ = {
			isa = XCBuildConfiguration;
			baseConfigurationReference = B9C4BA9425E4AAD4E7257579 /* Pods-BookStore_VitorOteroTests.debug.xcconfig */;
			buildSettings = {
				ALWAYS_EMBED_SWIFT_STANDARD_LIBRARIES = YES;
				BUNDLE_LOADER = "$(TEST_HOST)";
				CODE_SIGN_STYLE = Automatic;
				INFOPLIST_FILE = BookStore_VitorOteroTests/Info.plist;
				IPHONEOS_DEPLOYMENT_TARGET = 13.2;
				LD_RUNPATH_SEARCH_PATHS = (
					"$(inherited)",
					"@executable_path/Frameworks",
					"@loader_path/Frameworks",
				);
				PRODUCT_BUNDLE_IDENTIFIER = "pt.tecapp.BookStore-VitorOteroTests";
				PRODUCT_NAME = "$(TARGET_NAME)";
				SWIFT_VERSION = 5.0;
				TARGETED_DEVICE_FAMILY = "1,2";
				TEST_HOST = "$(BUILT_PRODUCTS_DIR)/BookStore_VitorOtero.app/BookStore_VitorOtero";
			};
			name = Debug;
		};
		6673A7AC23A4FAA20025E492 /* Release */ = {
			isa = XCBuildConfiguration;
			baseConfigurationReference = 47B9168DBBAFF0197D3465A9 /* Pods-BookStore_VitorOteroTests.release.xcconfig */;
			buildSettings = {
				ALWAYS_EMBED_SWIFT_STANDARD_LIBRARIES = YES;
				BUNDLE_LOADER = "$(TEST_HOST)";
				CODE_SIGN_STYLE = Automatic;
				INFOPLIST_FILE = BookStore_VitorOteroTests/Info.plist;
				IPHONEOS_DEPLOYMENT_TARGET = 13.2;
				LD_RUNPATH_SEARCH_PATHS = (
					"$(inherited)",
					"@executable_path/Frameworks",
					"@loader_path/Frameworks",
				);
				PRODUCT_BUNDLE_IDENTIFIER = "pt.tecapp.BookStore-VitorOteroTests";
				PRODUCT_NAME = "$(TARGET_NAME)";
				SWIFT_VERSION = 5.0;
				TARGETED_DEVICE_FAMILY = "1,2";
				TEST_HOST = "$(BUILT_PRODUCTS_DIR)/BookStore_VitorOtero.app/BookStore_VitorOtero";
			};
			name = Release;
		};
		6673A7AE23A4FAA20025E492 /* Debug */ = {
			isa = XCBuildConfiguration;
			baseConfigurationReference = F0D2A1D647112ABD953041AD /* Pods-BookStore_VitorOtero-BookStore_VitorOteroUITests.debug.xcconfig */;
			buildSettings = {
				ALWAYS_EMBED_SWIFT_STANDARD_LIBRARIES = YES;
				CODE_SIGN_STYLE = Automatic;
				INFOPLIST_FILE = BookStore_VitorOteroUITests/Info.plist;
				LD_RUNPATH_SEARCH_PATHS = (
					"$(inherited)",
					"@executable_path/Frameworks",
					"@loader_path/Frameworks",
				);
				PRODUCT_BUNDLE_IDENTIFIER = "pt.tecapp.BookStore-VitorOteroUITests";
				PRODUCT_NAME = "$(TARGET_NAME)";
				SWIFT_VERSION = 5.0;
				TARGETED_DEVICE_FAMILY = "1,2";
				TEST_TARGET_NAME = BookStore_VitorOtero;
			};
			name = Debug;
		};
		6673A7AF23A4FAA20025E492 /* Release */ = {
			isa = XCBuildConfiguration;
			baseConfigurationReference = 6C04263E283A14B53055E49B /* Pods-BookStore_VitorOtero-BookStore_VitorOteroUITests.release.xcconfig */;
			buildSettings = {
				ALWAYS_EMBED_SWIFT_STANDARD_LIBRARIES = YES;
				CODE_SIGN_STYLE = Automatic;
				INFOPLIST_FILE = BookStore_VitorOteroUITests/Info.plist;
				LD_RUNPATH_SEARCH_PATHS = (
					"$(inherited)",
					"@executable_path/Frameworks",
					"@loader_path/Frameworks",
				);
				PRODUCT_BUNDLE_IDENTIFIER = "pt.tecapp.BookStore-VitorOteroUITests";
				PRODUCT_NAME = "$(TARGET_NAME)";
				SWIFT_VERSION = 5.0;
				TARGETED_DEVICE_FAMILY = "1,2";
				TEST_TARGET_NAME = BookStore_VitorOtero;
			};
			name = Release;
		};
/* End XCBuildConfiguration section */

/* Begin XCConfigurationList section */
		6673A77823A4FAA00025E492 /* Build configuration list for PBXProject "BookStore_VitorOtero" */ = {
			isa = XCConfigurationList;
			buildConfigurations = (
				6673A7A523A4FAA20025E492 /* Debug */,
				6673A7A623A4FAA20025E492 /* Release */,
			);
			defaultConfigurationIsVisible = 0;
			defaultConfigurationName = Release;
		};
		6673A7A723A4FAA20025E492 /* Build configuration list for PBXNativeTarget "BookStore_VitorOtero" */ = {
			isa = XCConfigurationList;
			buildConfigurations = (
				6673A7A823A4FAA20025E492 /* Debug */,
				6673A7A923A4FAA20025E492 /* Release */,
			);
			defaultConfigurationIsVisible = 0;
			defaultConfigurationName = Release;
		};
		6673A7AA23A4FAA20025E492 /* Build configuration list for PBXNativeTarget "BookStore_VitorOteroTests" */ = {
			isa = XCConfigurationList;
			buildConfigurations = (
				6673A7AB23A4FAA20025E492 /* Debug */,
				6673A7AC23A4FAA20025E492 /* Release */,
			);
			defaultConfigurationIsVisible = 0;
			defaultConfigurationName = Release;
		};
		6673A7AD23A4FAA20025E492 /* Build configuration list for PBXNativeTarget "BookStore_VitorOteroUITests" */ = {
			isa = XCConfigurationList;
			buildConfigurations = (
				6673A7AE23A4FAA20025E492 /* Debug */,
				6673A7AF23A4FAA20025E492 /* Release */,
			);
			defaultConfigurationIsVisible = 0;
			defaultConfigurationName = Release;
		};
/* End XCConfigurationList section */
	};
	rootObject = 6673A77523A4FAA00025E492 /* Project object */;
}
